
Microsoft Visual Studio Solution File, Format Version 12.00
# Visual Studio Version 17
VisualStudioVersion = 17.11.35327.3
MinimumVisualStudioVersion = 10.0.40219.1
Project("{9A19103F-16F7-4668-BE54-9A1E7A4F7556}") = "SubjectApi", "SubjectApi\SubjectApi.csproj", "{048CD0B1-3DAF-493F-92A9-5E354E2E1C03}"
EndProject
Project("{2150E333-8FDC-42A3-9474-1A3956D46DE8}") = "Solution Items", "Solution Items", "{6C90708A-5D4A-40C4-8865-950F2ACB7E7F}"
	ProjectSection(SolutionItems) = preProject
		.gitignore = .gitignore
	EndProjectSection
EndProject
Global
	GlobalSection(SolutionConfigurationPlatforms) = preSolution
		Debug|Any CPU = Debug|Any CPU
		Release|Any CPU = Release|Any CPU
	EndGlobalSection
	GlobalSection(ProjectConfigurationPlatforms) = postSolution
		{048CD0B1-3DAF-493F-92A9-5E354E2E1C03}.Debug|Any CPU.ActiveCfg = Debug|Any CPU
		{048CD0B1-3DAF-493F-92A9-5E354E2E1C03}.Debug|Any CPU.Build.0 = Debug|Any CPU
		{048CD0B1-3DAF-493F-92A9-5E354E2E1C03}.Release|Any CPU.ActiveCfg = Release|Any CPU
		{048CD0B1-3DAF-493F-92A9-5E354E2E1C03}.Release|Any CPU.Build.0 = Release|Any CPU
	EndGlobalSection
	GlobalSection(SolutionProperties) = preSolution
		HideSolutionNode = FALSE
	EndGlobalSection
	GlobalSection(ExtensibilityGlobals) = postSolution
		SolutionGuid = {88EF2AE4-515F-4122-8F07-B0CFF43D88A1}
	EndGlobalSection
EndGlobal
